
Microsoft Visual Studio Solution File, Format Version 12.00
# Visual Studio Version 17
VisualStudioVersion = 17.11.35327.3
MinimumVisualStudioVersion = 10.0.40219.1
Project("{FAE04EC0-301F-11D3-BF4B-00C04F79EFBC}") = "time-warden", "time-warden.csproj", "{C3546EC9-6C36-40FD-9691-44185BD9AF5C}"
EndProject
Project("{FAE04EC0-301F-11D3-BF4B-00C04F79EFBC}") = "time-warden.Tests", "..\time-warden.Tests\time-warden.Tests.csproj", "{5913902C-FA16-4595-91FD-B77AD8A897A1}"
EndProject
Global
	GlobalSection(SolutionConfigurationPlatforms) = preSolution
		Debug|Any CPU = Debug|Any CPU
		Release|Any CPU = Release|Any CPU
		Publish|Any CPU = Publish|Any CPU
	EndGlobalSection
	GlobalSection(ProjectConfigurationPlatforms) = postSolution
		{C3546EC9-6C36-40FD-9691-44185BD9AF5C}.Debug|Any CPU.ActiveCfg = Debug|Any CPU
		{C3546EC9-6C36-40FD-9691-44185BD9AF5C}.Debug|Any CPU.Build.0 = Debug|Any CPU
		{C3546EC9-6C36-40FD-9691-44185BD9AF5C}.Release|Any CPU.ActiveCfg = Release|Any CPU
		{C3546EC9-6C36-40FD-9691-44185BD9AF5C}.Release|Any CPU.Build.0 = Release|Any CPU
		{C3546EC9-6C36-40FD-9691-44185BD9AF5C}.Publish|Any CPU.ActiveCfg = Publish|Any CPU
		{C3546EC9-6C36-40FD-9691-44185BD9AF5C}.Publish|Any CPU.Build.0 = Publish|Any CPU
		{C3546EC9-6C36-40FD-9691-44185BD9AF5C}.Publish|Any CPU.Deploy.0 = Publish|Any CPU
		{5913902C-FA16-4595-91FD-B77AD8A897A1}.Debug|Any CPU.ActiveCfg = Debug|Any CPU
		{5913902C-FA16-4595-91FD-B77AD8A897A1}.Debug|Any CPU.Build.0 = Debug|Any CPU
		{5913902C-FA16-4595-91FD-B77AD8A897A1}.Release|Any CPU.ActiveCfg = Release|Any CPU
		{5913902C-FA16-4595-91FD-B77AD8A897A1}.Release|Any CPU.Build.0 = Release|Any CPU
		{5913902C-FA16-4595-91FD-B77AD8A897A1}.Publish|Any CPU.ActiveCfg = Publish|Any CPU
		{5913902C-FA16-4595-91FD-B77AD8A897A1}.Publish|Any CPU.Build.0 = Publish|Any CPU
	EndGlobalSection
	GlobalSection(SolutionProperties) = preSolution
		HideSolutionNode = FALSE
	EndGlobalSection
	GlobalSection(ExtensibilityGlobals) = postSolution
		SolutionGuid = {F7B66655-A4D6-4D0C-BC22-4E015354FB36}
	EndGlobalSection
EndGlobal
